
Microsoft Visual Studio Solution File, Format Version 12.00
# Visual Studio Version 17
VisualStudioVersion = 17.6.33815.320
MinimumVisualStudioVersion = 10.0.40219.1
Project("{FAE04EC0-301F-11D3-BF4B-00C04F79EFBC}") = "Eva4", "Eva4.csproj", "{242770A7-2837-424D-AE7A-ACE0A23EEC88}"
EndProject
Project("{FAE04EC0-301F-11D3-BF4B-00C04F79EFBC}") = "Eva4Model", "Eva4Model\Eva4Model.csproj", "{AEEC9590-2C80-414E-B8BD-03005D491375}"
EndProject
Global
	GlobalSection(SolutionConfigurationPlatforms) = preSolution
		Debug|Any CPU = Debug|Any CPU
		Release|Any CPU = Release|Any CPU
	EndGlobalSection
	GlobalSection(ProjectConfigurationPlatforms) = postSolution
		{242770A7-2837-424D-AE7A-ACE0A23EEC88}.Debug|Any CPU.ActiveCfg = Debug|Any CPU
		{242770A7-2837-424D-AE7A-ACE0A23EEC88}.Debug|Any CPU.Build.0 = Debug|Any CPU
		{242770A7-2837-424D-AE7A-ACE0A23EEC88}.Release|Any CPU.ActiveCfg = Release|Any CPU
		{242770A7-2837-424D-AE7A-ACE0A23EEC88}.Release|Any CPU.Build.0 = Release|Any CPU
		{AEEC9590-2C80-414E-B8BD-03005D491375}.Debug|Any CPU.ActiveCfg = Debug|Any CPU
		{AEEC9590-2C80-414E-B8BD-03005D491375}.Debug|Any CPU.Build.0 = Debug|Any CPU
		{AEEC9590-2C80-414E-B8BD-03005D491375}.Release|Any CPU.ActiveCfg = Release|Any CPU
		{AEEC9590-2C80-414E-B8BD-03005D491375}.Release|Any CPU.Build.0 = Release|Any CPU
	EndGlobalSection
	GlobalSection(SolutionProperties) = preSolution
		HideSolutionNode = FALSE
	EndGlobalSection
	GlobalSection(ExtensibilityGlobals) = postSolution
		SolutionGuid = {4E5AD9C5-9B0D-4F8D-89AB-B5A767F61729}
	EndGlobalSection
EndGlobal
